// !$*UTF8*$!
{
	archiveVersion = 1;
	classes = {
	};
	objectVersion = 50;
	objects = {

/* Begin PBXBuildFile section */
		87669848268D7F5600A5D28A /* AppDelegate.swift in Sources */ = {isa = PBXBuildFile; fileRef = 87669847268D7F5600A5D28A /* AppDelegate.swift */; };
		8766984A268D7F5600A5D28A /* SceneDelegate.swift in Sources */ = {isa = PBXBuildFile; fileRef = 87669849268D7F5600A5D28A /* SceneDelegate.swift */; };
		8766984C268D7F5600A5D28A /* ViewController.swift in Sources */ = {isa = PBXBuildFile; fileRef = 8766984B268D7F5600A5D28A /* ViewController.swift */; };
		8766984F268D7F5600A5D28A /* Main.storyboard in Resources */ = {isa = PBXBuildFile; fileRef = 8766984D268D7F5600A5D28A /* Main.storyboard */; };
		87669851268D7F5900A5D28A /* Assets.xcassets in Resources */ = {isa = PBXBuildFile; fileRef = 87669850268D7F5900A5D28A /* Assets.xcassets */; };
		87669854268D7F5900A5D28A /* LaunchScreen.storyboard in Resources */ = {isa = PBXBuildFile; fileRef = 87669852268D7F5900A5D28A /* LaunchScreen.storyboard */; };
		8766985F268D7F5900A5D28A /* TestAppTests.swift in Sources */ = {isa = PBXBuildFile; fileRef = 8766985E268D7F5900A5D28A /* TestAppTests.swift */; };
		8766986A268D7F5900A5D28A /* TestAppUITests.swift in Sources */ = {isa = PBXBuildFile; fileRef = 87669869268D7F5900A5D28A /* TestAppUITests.swift */; };
/* End PBXBuildFile section */

/* Begin PBXContainerItemProxy section */
		8766985B268D7F5900A5D28A /* PBXContainerItemProxy */ = {
			isa = PBXContainerItemProxy;
			containerPortal = 8766983C268D7F5600A5D28A /* Project object */;
			proxyType = 1;
			remoteGlobalIDString = 87669843268D7F5600A5D28A;
			remoteInfo = TestApp;
		};
		87669866268D7F5900A5D28A /* PBXContainerItemProxy */ = {
			isa = PBXContainerItemProxy;
			containerPortal = 8766983C268D7F5600A5D28A /* Project object */;
			proxyType = 1;
			remoteGlobalIDString = 87669843268D7F5600A5D28A;
			remoteInfo = TestApp;
		};
/* End PBXContainerItemProxy section */

/* Begin PBXFileReference section */
		87669844268D7F5600A5D28A /* TestApp.app */ = {isa = PBXFileReference; explicitFileType = wrapper.application; includeInIndex = 0; path = TestApp.app; sourceTree = BUILT_PRODUCTS_DIR; };
		87669847268D7F5600A5D28A /* AppDelegate.swift */ = {isa = PBXFileReference; lastKnownFileType = sourcecode.swift; path = AppDelegate.swift; sourceTree = "<group>"; };
		87669849268D7F5600A5D28A /* SceneDelegate.swift */ = {isa = PBXFileReference; lastKnownFileType = sourcecode.swift; path = SceneDelegate.swift; sourceTree = "<group>"; };
		8766984B268D7F5600A5D28A /* ViewController.swift */ = {isa = PBXFileReference; lastKnownFileType = sourcecode.swift; path = ViewController.swift; sourceTree = "<group>"; };
		8766984E268D7F5600A5D28A /* Base */ = {isa = PBXFileReference; lastKnownFileType = file.storyboard; name = Base; path = Base.lproj/Main.storyboard; sourceTree = "<group>"; };
		87669850268D7F5900A5D28A /* Assets.xcassets */ = {isa = PBXFileReference; lastKnownFileType = folder.assetcatalog; path = Assets.xcassets; sourceTree = "<group>"; };
		87669853268D7F5900A5D28A /* Base */ = {isa = PBXFileReference; lastKnownFileType = file.storyboard; name = Base; path = Base.lproj/LaunchScreen.storyboard; sourceTree = "<group>"; };
		87669855268D7F5900A5D28A /* Info.plist */ = {isa = PBXFileReference; lastKnownFileType = text.plist.xml; path = Info.plist; sourceTree = "<group>"; };
		8766985A268D7F5900A5D28A /* TestAppTests.xctest */ = {isa = PBXFileReference; explicitFileType = wrapper.cfbundle; includeInIndex = 0; path = TestAppTests.xctest; sourceTree = BUILT_PRODUCTS_DIR; };
		8766985E268D7F5900A5D28A /* TestAppTests.swift */ = {isa = PBXFileReference; lastKnownFileType = sourcecode.swift; path = TestAppTests.swift; sourceTree = "<group>"; };
		87669860268D7F5900A5D28A /* Info.plist */ = {isa = PBXFileReference; lastKnownFileType = text.plist.xml; path = Info.plist; sourceTree = "<group>"; };
		87669865268D7F5900A5D28A /* TestAppUITests.xctest */ = {isa = PBXFileReference; explicitFileType = wrapper.cfbundle; includeInIndex = 0; path = TestAppUITests.xctest; sourceTree = BUILT_PRODUCTS_DIR; };
		87669869268D7F5900A5D28A /* TestAppUITests.swift */ = {isa = PBXFileReference; lastKnownFileType = sourcecode.swift; path = TestAppUITests.swift; sourceTree = "<group>"; };
		8766986B268D7F5900A5D28A /* Info.plist */ = {isa = PBXFileReference; lastKnownFileType = text.plist.xml; path = Info.plist; sourceTree = "<group>"; };
/* End PBXFileReference section */

/* Begin PBXFrameworksBuildPhase section */
		87669841268D7F5600A5D28A /* Frameworks */ = {
			isa = PBXFrameworksBuildPhase;
			buildActionMask = 2147483647;
			files = (
			);
			runOnlyForDeploymentPostprocessing = 0;
		};
		87669857268D7F5900A5D28A /* Frameworks */ = {
			isa = PBXFrameworksBuildPhase;
			buildActionMask = 2147483647;
			files = (
			);
			runOnlyForDeploymentPostprocessing = 0;
		};
		87669862268D7F5900A5D28A /* Frameworks */ = {
			isa = PBXFrameworksBuildPhase;
			buildActionMask = 2147483647;
			files = (
			);
			runOnlyForDeploymentPostprocessing = 0;
		};
/* End PBXFrameworksBuildPhase section */

/* Begin PBXGroup section */
		8766983B268D7F5600A5D28A = {
			isa = PBXGroup;
			children = (
				87669846268D7F5600A5D28A /* TestApp */,
				8766985D268D7F5900A5D28A /* TestAppTests */,
				87669868268D7F5900A5D28A /* TestAppUITests */,
				87669845268D7F5600A5D28A /* Products */,
			);
			sourceTree = "<group>";
		};
		87669845268D7F5600A5D28A /* Products */ = {
			isa = PBXGroup;
			children = (
				87669844268D7F5600A5D28A /* TestApp.app */,
				8766985A268D7F5900A5D28A /* TestAppTests.xctest */,
				87669865268D7F5900A5D28A /* TestAppUITests.xctest */,
			);
			name = Products;
			sourceTree = "<group>";
		};
		87669846268D7F5600A5D28A /* TestApp */ = {
			isa = PBXGroup;
			children = (
				87669847268D7F5600A5D28A /* AppDelegate.swift */,
				87669849268D7F5600A5D28A /* SceneDelegate.swift */,
				8766984B268D7F5600A5D28A /* ViewController.swift */,
				8766984D268D7F5600A5D28A /* Main.storyboard */,
				87669850268D7F5900A5D28A /* Assets.xcassets */,
				87669852268D7F5900A5D28A /* LaunchScreen.storyboard */,
				87669855268D7F5900A5D28A /* Info.plist */,
			);
			path = TestApp;
			sourceTree = "<group>";
		};
		8766985D268D7F5900A5D28A /* TestAppTests */ = {
			isa = PBXGroup;
			children = (
				8766985E268D7F5900A5D28A /* TestAppTests.swift */,
				87669860268D7F5900A5D28A /* Info.plist */,
			);
			path = TestAppTests;
			sourceTree = "<group>";
		};
		87669868268D7F5900A5D28A /* TestAppUITests */ = {
			isa = PBXGroup;
			children = (
				87669869268D7F5900A5D28A /* TestAppUITests.swift */,
				8766986B268D7F5900A5D28A /* Info.plist */,
			);
			path = TestAppUITests;
			sourceTree = "<group>";
		};
/* End PBXGroup section */

/* Begin PBXNativeTarget section */
		87669843268D7F5600A5D28A /* TestApp */ = {
			isa = PBXNativeTarget;
			buildConfigurationList = 8766986E268D7F5900A5D28A /* Build configuration list for PBXNativeTarget "TestApp" */;
			buildPhases = (
				87669840268D7F5600A5D28A /* Sources */,
				87669841268D7F5600A5D28A /* Frameworks */,
				87669842268D7F5600A5D28A /* Resources */,
			);
			buildRules = (
			);
			dependencies = (
			);
			name = TestApp;
			productName = TestApp;
			productReference = 87669844268D7F5600A5D28A /* TestApp.app */;
			productType = "com.apple.product-type.application";
		};
		87669859268D7F5900A5D28A /* TestAppTests */ = {
			isa = PBXNativeTarget;
			buildConfigurationList = 87669871268D7F5900A5D28A /* Build configuration list for PBXNativeTarget "TestAppTests" */;
			buildPhases = (
				87669856268D7F5900A5D28A /* Sources */,
				87669857268D7F5900A5D28A /* Frameworks */,
				87669858268D7F5900A5D28A /* Resources */,
			);
			buildRules = (
			);
			dependencies = (
				8766985C268D7F5900A5D28A /* PBXTargetDependency */,
			);
			name = TestAppTests;
			productName = TestAppTests;
			productReference = 8766985A268D7F5900A5D28A /* TestAppTests.xctest */;
			productType = "com.apple.product-type.bundle.unit-test";
		};
		87669864268D7F5900A5D28A /* TestAppUITests */ = {
			isa = PBXNativeTarget;
			buildConfigurationList = 87669874268D7F5900A5D28A /* Build configuration list for PBXNativeTarget "TestAppUITests" */;
			buildPhases = (
				87669861268D7F5900A5D28A /* Sources */,
				87669862268D7F5900A5D28A /* Frameworks */,
				87669863268D7F5900A5D28A /* Resources */,
			);
			buildRules = (
			);
			dependencies = (
				87669867268D7F5900A5D28A /* PBXTargetDependency */,
			);
			name = TestAppUITests;
			productName = TestAppUITests;
			productReference = 87669865268D7F5900A5D28A /* TestAppUITests.xctest */;
			productType = "com.apple.product-type.bundle.ui-testing";
		};
/* End PBXNativeTarget section */

/* Begin PBXProject section */
		8766983C268D7F5600A5D28A /* Project object */ = {
			isa = PBXProject;
			attributes = {
				LastSwiftUpdateCheck = 1240;
				LastUpgradeCheck = 1240;
				TargetAttributes = {
					87669843268D7F5600A5D28A = {
						CreatedOnToolsVersion = 12.4;
					};
					87669859268D7F5900A5D28A = {
						CreatedOnToolsVersion = 12.4;
						TestTargetID = 87669843268D7F5600A5D28A;
					};
					87669864268D7F5900A5D28A = {
						CreatedOnToolsVersion = 12.4;
						TestTargetID = 87669843268D7F5600A5D28A;
					};
				};
			};
			buildConfigurationList = 8766983F268D7F5600A5D28A /* Build configuration list for PBXProject "TestApp" */;
			compatibilityVersion = "Xcode 9.3";
			developmentRegion = en;
			hasScannedForEncodings = 0;
			knownRegions = (
				en,
				Base,
			);
			mainGroup = 8766983B268D7F5600A5D28A;
			productRefGroup = 87669845268D7F5600A5D28A /* Products */;
			projectDirPath = "";
			projectRoot = "";
			targets = (
				87669843268D7F5600A5D28A /* TestApp */,
				87669859268D7F5900A5D28A /* TestAppTests */,
				87669864268D7F5900A5D28A /* TestAppUITests */,
			);
		};
/* End PBXProject section */

/* Begin PBXResourcesBuildPhase section */
		87669842268D7F5600A5D28A /* Resources */ = {
			isa = PBXResourcesBuildPhase;
			buildActionMask = 2147483647;
			files = (
				87669854268D7F5900A5D28A /* LaunchScreen.storyboard in Resources */,
				87669851268D7F5900A5D28A /* Assets.xcassets in Resources */,
				8766984F268D7F5600A5D28A /* Main.storyboard in Resources */,
			);
			runOnlyForDeploymentPostprocessing = 0;
		};
		87669858268D7F5900A5D28A /* Resources */ = {
			isa = PBXResourcesBuildPhase;
			buildActionMask = 2147483647;
			files = (
			);
			runOnlyForDeploymentPostprocessing = 0;
		};
		87669863268D7F5900A5D28A /* Resources */ = {
			isa = PBXResourcesBuildPhase;
			buildActionMask = 2147483647;
			files = (
			);
			runOnlyForDeploymentPostprocessing = 0;
		};
/* End PBXResourcesBuildPhase section */

/* Begin PBXSourcesBuildPhase section */
		87669840268D7F5600A5D28A /* Sources */ = {
			isa = PBXSourcesBuildPhase;
			buildActionMask = 2147483647;
			files = (
				8766984C268D7F5600A5D28A /* ViewController.swift in Sources */,
				87669848268D7F5600A5D28A /* AppDelegate.swift in Sources */,
				8766984A268D7F5600A5D28A /* SceneDelegate.swift in Sources */,
			);
			runOnlyForDeploymentPostprocessing = 0;
		};
		87669856268D7F5900A5D28A /* Sources */ = {
			isa = PBXSourcesBuildPhase;
			buildActionMask = 2147483647;
			files = (
				8766985F268D7F5900A5D28A /* TestAppTests.swift in Sources */,
			);
			runOnlyForDeploymentPostprocessing = 0;
		};
		87669861268D7F5900A5D28A /* Sources */ = {
			isa = PBXSourcesBuildPhase;
			buildActionMask = 2147483647;
			files = (
				8766986A268D7F5900A5D28A /* TestAppUITests.swift in Sources */,
			);
			runOnlyForDeploymentPostprocessing = 0;
		};
/* End PBXSourcesBuildPhase section */

/* Begin PBXTargetDependency section */
		8766985C268D7F5900A5D28A /* PBXTargetDependency */ = {
			isa = PBXTargetDependency;
			target = 87669843268D7F5600A5D28A /* TestApp */;
			targetProxy = 8766985B268D7F5900A5D28A /* PBXContainerItemProxy */;
		};
		87669867268D7F5900A5D28A /* PBXTargetDependency */ = {
			isa = PBXTargetDependency;
			target = 87669843268D7F5600A5D28A /* TestApp */;
			targetProxy = 87669866268D7F5900A5D28A /* PBXContainerItemProxy */;
		};
/* End PBXTargetDependency section */

/* Begin PBXVariantGroup section */
		8766984D268D7F5600A5D28A /* Main.storyboard */ = {
			isa = PBXVariantGroup;
			children = (
				8766984E268D7F5600A5D28A /* Base */,
			);
			name = Main.storyboard;
			sourceTree = "<group>";
		};
		87669852268D7F5900A5D28A /* LaunchScreen.storyboard */ = {
			isa = PBXVariantGroup;
			children = (
				87669853268D7F5900A5D28A /* Base */,
			);
			name = LaunchScreen.storyboard;
			sourceTree = "<group>";
		};
/* End PBXVariantGroup section */

/* Begin XCBuildConfiguration section */
		8766986C268D7F5900A5D28A /* Debug */ = {
			isa = XCBuildConfiguration;
			buildSettings = {
				ALWAYS_SEARCH_USER_PATHS = NO;
				CLANG_ANALYZER_NONNULL = YES;
				CLANG_ANALYZER_NUMBER_OBJECT_CONVERSION = YES_AGGRESSIVE;
				CLANG_CXX_LANGUAGE_STANDARD = "gnu++14";
				CLANG_CXX_LIBRARY = "libc++";
				CLANG_ENABLE_MODULES = YES;
				CLANG_ENABLE_OBJC_ARC = YES;
				CLANG_ENABLE_OBJC_WEAK = YES;
				CLANG_WARN_BLOCK_CAPTURE_AUTORELEASING = YES;
				CLANG_WARN_BOOL_CONVERSION = YES;
				CLANG_WARN_COMMA = YES;
				CLANG_WARN_CONSTANT_CONVERSION = YES;
				CLANG_WARN_DEPRECATED_OBJC_IMPLEMENTATIONS = YES;
				CLANG_WARN_DIRECT_OBJC_ISA_USAGE = YES_ERROR;
				CLANG_WARN_DOCUMENTATION_COMMENTS = YES;
				CLANG_WARN_EMPTY_BODY = YES;
				CLANG_WARN_ENUM_CONVERSION = YES;
				CLANG_WARN_INFINITE_RECURSION = YES;
				CLANG_WARN_INT_CONVERSION = YES;
				CLANG_WARN_NON_LITERAL_NULL_CONVERSION = YES;
				CLANG_WARN_OBJC_IMPLICIT_RETAIN_SELF = YES;
				CLANG_WARN_OBJC_LITERAL_CONVERSION = YES;
				CLANG_WARN_OBJC_ROOT_CLASS = YES_ERROR;
				CLANG_WARN_QUOTED_INCLUDE_IN_FRAMEWORK_HEADER = YES;
				CLANG_WARN_RANGE_LOOP_ANALYSIS = YES;
				CLANG_WARN_STRICT_PROTOTYPES = YES;
				CLANG_WARN_SUSPICIOUS_MOVE = YES;
				CLANG_WARN_UNGUARDED_AVAILABILITY = YES_AGGRESSIVE;
				CLANG_WARN_UNREACHABLE_CODE = YES;
				CLANG_WARN__DUPLICATE_METHOD_MATCH = YES;
				COPY_PHASE_STRIP = NO;
				DEBUG_INFORMATION_FORMAT = dwarf;
				ENABLE_STRICT_OBJC_MSGSEND = YES;
				ENABLE_TESTABILITY = YES;
				GCC_C_LANGUAGE_STANDARD = gnu11;
				GCC_DYNAMIC_NO_PIC = NO;
				GCC_NO_COMMON_BLOCKS = YES;
				GCC_OPTIMIZATION_LEVEL = 0;
				GCC_PREPROCESSOR_DEFINITIONS = (
					"DEBUG=1",
					"$(inherited)",
				);
				GCC_WARN_64_TO_32_BIT_CONVERSION = YES;
				GCC_WARN_ABOUT_RETURN_TYPE = YES_ERROR;
				GCC_WARN_UNDECLARED_SELECTOR = YES;
				GCC_WARN_UNINITIALIZED_AUTOS = YES_AGGRESSIVE;
				GCC_WARN_UNUSED_FUNCTION = YES;
				GCC_WARN_UNUSED_VARIABLE = YES;
				IPHONEOS_DEPLOYMENT_TARGET = 14.4;
				MTL_ENABLE_DEBUG_INFO = INCLUDE_SOURCE;
				MTL_FAST_MATH = YES;
				ONLY_ACTIVE_ARCH = YES;
				SDKROOT = iphoneos;
				SWIFT_ACTIVE_COMPILATION_CONDITIONS = DEBUG;
				SWIFT_OPTIMIZATION_LEVEL = "-Onone";
			};
			name = Debug;
		};
		8766986D268D7F5900A5D28A /* Release */ = {
			isa = XCBuildConfiguration;
			buildSettings = {
				ALWAYS_SEARCH_USER_PATHS = NO;
				CLANG_ANALYZER_NONNULL = YES;
				CLANG_ANALYZER_NUMBER_OBJECT_CONVERSION = YES_AGGRESSIVE;
				CLANG_CXX_LANGUAGE_STANDARD = "gnu++14";
				CLANG_CXX_LIBRARY = "libc++";
				CLANG_ENABLE_MODULES = YES;
				CLANG_ENABLE_OBJC_ARC = YES;
				CLANG_ENABLE_OBJC_WEAK = YES;
				CLANG_WARN_BLOCK_CAPTURE_AUTORELEASING = YES;
				CLANG_WARN_BOOL_CONVERSION = YES;
				CLANG_WARN_COMMA = YES;
				CLANG_WARN_CONSTANT_CONVERSION = YES;
				CLANG_WARN_DEPRECATED_OBJC_IMPLEMENTATIONS = YES;
				CLANG_WARN_DIRECT_OBJC_ISA_USAGE = YES_ERROR;
				CLANG_WARN_DOCUMENTATION_COMMENTS = YES;
				CLANG_WARN_EMPTY_BODY = YES;
				CLANG_WARN_ENUM_CONVERSION = YES;
				CLANG_WARN_INFINITE_RECURSION = YES;
				CLANG_WARN_INT_CONVERSION = YES;
				CLANG_WARN_NON_LITERAL_NULL_CONVERSION = YES;
				CLANG_WARN_OBJC_IMPLICIT_RETAIN_SELF = YES;
				CLANG_WARN_OBJC_LITERAL_CONVERSION = YES;
				CLANG_WARN_OBJC_ROOT_CLASS = YES_ERROR;
				CLANG_WARN_QUOTED_INCLUDE_IN_FRAMEWORK_HEADER = YES;
				CLANG_WARN_RANGE_LOOP_ANALYSIS = YES;
				CLANG_WARN_STRICT_PROTOTYPES = YES;
				CLANG_WARN_SUSPICIOUS_MOVE = YES;
				CLANG_WARN_UNGUARDED_AVAILABILITY = YES_AGGRESSIVE;
				CLANG_WARN_UNREACHABLE_CODE = YES;
				CLANG_WARN__DUPLICATE_METHOD_MATCH = YES;
				COPY_PHASE_STRIP = NO;
				DEBUG_INFORMATION_FORMAT = "dwarf-with-dsym";
				ENABLE_NS_ASSERTIONS = NO;
				ENABLE_STRICT_OBJC_MSGSEND = YES;
				GCC_C_LANGUAGE_STANDARD = gnu11;
				GCC_NO_COMMON_BLOCKS = YES;
				GCC_WARN_64_TO_32_BIT_CONVERSION = YES;
				GCC_WARN_ABOUT_RETURN_TYPE = YES_ERROR;
				GCC_WARN_UNDECLARED_SELECTOR = YES;
				GCC_WARN_UNINITIALIZED_AUTOS = YES_AGGRESSIVE;
				GCC_WARN_UNUSED_FUNCTION = YES;
				GCC_WARN_UNUSED_VARIABLE = YES;
				IPHONEOS_DEPLOYMENT_TARGET = 14.4;
				MTL_ENABLE_DEBUG_INFO = NO;
				MTL_FAST_MATH = YES;
				SDKROOT = iphoneos;
				SWIFT_COMPILATION_MODE = wholemodule;
				SWIFT_OPTIMIZATION_LEVEL = "-O";
				VALIDATE_PRODUCT = YES;
			};
			name = Release;
		};
		8766986F268D7F5900A5D28A /* Debug */ = {
			isa = XCBuildConfiguration;
			buildSettings = {
				ASSETCATALOG_COMPILER_APPICON_NAME = AppIcon;
				ASSETCATALOG_COMPILER_GLOBAL_ACCENT_COLOR_NAME = AccentColor;
				CODE_SIGN_STYLE = Automatic;
				DEVELOPMENT_TEAM = T8T3J24C3B;
				INFOPLIST_FILE = TestApp/Info.plist;
				LD_RUNPATH_SEARCH_PATHS = (
					"$(inherited)",
					"@executable_path/Frameworks",
				);
				PRODUCT_BUNDLE_IDENTIFIER = test.TestApp;
				PRODUCT_NAME = "$(TARGET_NAME)";
				SWIFT_VERSION = 5.0;
				TARGETED_DEVICE_FAMILY = "1,2";
			};
			name = Debug;
		};
		87669870268D7F5900A5D28A /* Release */ = {
			isa = XCBuildConfiguration;
			buildSettings = {
				ASSETCATALOG_COMPILER_APPICON_NAME = AppIcon;
				ASSETCATALOG_COMPILER_GLOBAL_ACCENT_COLOR_NAME = AccentColor;
				CODE_SIGN_STYLE = Automatic;
				DEVELOPMENT_TEAM = T8T3J24C3B;
				INFOPLIST_FILE = TestApp/Info.plist;
				LD_RUNPATH_SEARCH_PATHS = (
					"$(inherited)",
					"@executable_path/Frameworks",
				);
				PRODUCT_BUNDLE_IDENTIFIER = test.TestApp;
				PRODUCT_NAME = "$(TARGET_NAME)";
				SWIFT_VERSION = 5.0;
				TARGETED_DEVICE_FAMILY = "1,2";
			};
			name = Release;
		};
		87669872268D7F5900A5D28A /* Debug */ = {
			isa = XCBuildConfiguration;
			buildSettings = {
				ALWAYS_EMBED_SWIFT_STANDARD_LIBRARIES = YES;
				BUNDLE_LOADER = "$(TEST_HOST)";
				CODE_SIGN_STYLE = Automatic;
				DEVELOPMENT_TEAM = T8T3J24C3B;
				INFOPLIST_FILE = TestAppTests/Info.plist;
				IPHONEOS_DEPLOYMENT_TARGET = 14.4;
				LD_RUNPATH_SEARCH_PATHS = (
					"$(inherited)",
					"@executable_path/Frameworks",
					"@loader_path/Frameworks",
				);
				PRODUCT_BUNDLE_IDENTIFIER = test.TestAppTests;
				PRODUCT_NAME = "$(TARGET_NAME)";
				SWIFT_VERSION = 5.0;
				TARGETED_DEVICE_FAMILY = "1,2";
				TEST_HOST = "$(BUILT_PRODUCTS_DIR)/TestApp.app/TestApp";
			};
			name = Debug;
		};
		87669873268D7F5900A5D28A /* Release */ = {
			isa = XCBuildConfiguration;
			buildSettings = {
				ALWAYS_EMBED_SWIFT_STANDARD_LIBRARIES = YES;
				BUNDLE_LOADER = "$(TEST_HOST)";
				CODE_SIGN_STYLE = Automatic;
				DEVELOPMENT_TEAM = T8T3J24C3B;
				INFOPLIST_FILE = TestAppTests/Info.plist;
				IPHONEOS_DEPLOYMENT_TARGET = 14.4;
				LD_RUNPATH_SEARCH_PATHS = (
					"$(inherited)",
					"@executable_path/Frameworks",
					"@loader_path/Frameworks",
				);
				PRODUCT_BUNDLE_IDENTIFIER = test.TestAppTests;
				PRODUCT_NAME = "$(TARGET_NAME)";
				SWIFT_VERSION = 5.0;
				TARGETED_DEVICE_FAMILY = "1,2";
				TEST_HOST = "$(BUILT_PRODUCTS_DIR)/TestApp.app/TestApp";
			};
			name = Release;
		};
		87669875268D7F5900A5D28A /* Debug */ = {
			isa = XCBuildConfiguration;
			buildSettings = {
				ALWAYS_EMBED_SWIFT_STANDARD_LIBRARIES = YES;
				CODE_SIGN_STYLE = Automatic;
				DEVELOPMENT_TEAM = T8T3J24C3B;
				INFOPLIST_FILE = TestAppUITests/Info.plist;
				LD_RUNPATH_SEARCH_PATHS = (
					"$(inherited)",
					"@executable_path/Frameworks",
					"@loader_path/Frameworks",
				);
				PRODUCT_BUNDLE_IDENTIFIER = test.TestAppUITests;
				PRODUCT_NAME = "$(TARGET_NAME)";
				SWIFT_VERSION = 5.0;
				TARGETED_DEVICE_FAMILY = "1,2";
				TEST_TARGET_NAME = TestApp;
			};
			name = Debug;
		};
		87669876268D7F5900A5D28A /* Release */ = {
			isa = XCBuildConfiguration;
			buildSettings = {
				ALWAYS_EMBED_SWIFT_STANDARD_LIBRARIES = YES;
				CODE_SIGN_STYLE = Automatic;
				DEVELOPMENT_TEAM = T8T3J24C3B;
				INFOPLIST_FILE = TestAppUITests/Info.plist;
				LD_RUNPATH_SEARCH_PATHS = (
					"$(inherited)",
					"@executable_path/Frameworks",
					"@loader_path/Frameworks",
				);
				PRODUCT_BUNDLE_IDENTIFIER = test.TestAppUITests;
				PRODUCT_NAME = "$(TARGET_NAME)";
				SWIFT_VERSION = 5.0;
				TARGETED_DEVICE_FAMILY = "1,2";
				TEST_TARGET_NAME = TestApp;
			};
			name = Release;
		};
/* End XCBuildConfiguration section */

/* Begin XCConfigurationList section */
		8766983F268D7F5600A5D28A /* Build configuration list for PBXProject "TestApp" */ = {
			isa = XCConfigurationList;
			buildConfigurations = (
				8766986C268D7F5900A5D28A /* Debug */,
				8766986D268D7F5900A5D28A /* Release */,
			);
			defaultConfigurationIsVisible = 0;
			defaultConfigurationName = Release;
		};
		8766986E268D7F5900A5D28A /* Build configuration list for PBXNativeTarget "TestApp" */ = {
			isa = XCConfigurationList;
			buildConfigurations = (
				8766986F268D7F5900A5D28A /* Debug */,
				87669870268D7F5900A5D28A /* Release */,
			);
			defaultConfigurationIsVisible = 0;
			defaultConfigurationName = Release;
		};
		87669871268D7F5900A5D28A /* Build configuration list for PBXNativeTarget "TestAppTests" */ = {
			isa = XCConfigurationList;
			buildConfigurations = (
				87669872268D7F5900A5D28A /* Debug */,
				87669873268D7F5900A5D28A /* Release */,
			);
			defaultConfigurationIsVisible = 0;
			defaultConfigurationName = Release;
		};
		87669874268D7F5900A5D28A /* Build configuration list for PBXNativeTarget "TestAppUITests" */ = {
			isa = XCConfigurationList;
			buildConfigurations = (
				87669875268D7F5900A5D28A /* Debug */,
				87669876268D7F5900A5D28A /* Release */,
			);
			defaultConfigurationIsVisible = 0;
			defaultConfigurationName = Release;
		};
/* End XCConfigurationList section */
	};
	rootObject = 8766983C268D7F5600A5D28A /* Project object */;
}
